
Microsoft Visual Studio Solution File, Format Version 12.00
# Visual Studio Version 16
VisualStudioVersion = 16.0.29123.88
MinimumVisualStudioVersion = 10.0.40219.1
Project("{2150E333-8FDC-42A3-9474-1A3956D46DE8}") = "Data", "Data", "{5E23507B-37A1-49DF-880D-59DA5782F6C4}"
EndProject
Project("{2150E333-8FDC-42A3-9474-1A3956D46DE8}") = "src", "src", "{15CC43C6-D255-4FBB-9014-C34071B51D0B}"
EndProject
Project("{2150E333-8FDC-42A3-9474-1A3956D46DE8}") = "Domain", "Domain", "{12FEE8C6-9F88-4E9B-B13E-E2821E94C1A2}"
EndProject
Project("{FAE04EC0-301F-11D3-BF4B-00C04F79EFBC}") = "Biblioteca.WebAPP", "Biblioteca.WebAPP\Biblioteca.WebAPP.csproj", "{DF1F6581-37C0-4C6A-AC7B-98B97AA11222}"
EndProject
Project("{FAE04EC0-301F-11D3-BF4B-00C04F79EFBC}") = "Biblioteca.Domain", "Biblioteca.Domain\Biblioteca.Domain.csproj", "{6C58B340-765B-4DD2-B82A-337817917BF3}"
EndProject
Project("{FAE04EC0-301F-11D3-BF4B-00C04F79EFBC}") = "Biblioteca.Data", "Biblioteca.Data\Biblioteca.Data.csproj", "{748B79F3-8134-4399-A4FE-45316EFC01DA}"
EndProject
Project("{2150E333-8FDC-42A3-9474-1A3956D46DE8}") = "Build", "Build", "{ABD13BC1-3F53-4773-B0FC-C0EF01226B6E}"
	ProjectSection(SolutionItems) = preProject
		Directory.Build.props = Directory.Build.props
	EndProjectSection
EndProject
Global
	GlobalSection(SolutionConfigurationPlatforms) = preSolution
		Debug|Any CPU = Debug|Any CPU
		Release|Any CPU = Release|Any CPU
	EndGlobalSection
	GlobalSection(ProjectConfigurationPlatforms) = postSolution
		{DF1F6581-37C0-4C6A-AC7B-98B97AA11222}.Debug|Any CPU.ActiveCfg = Debug|Any CPU
		{DF1F6581-37C0-4C6A-AC7B-98B97AA11222}.Debug|Any CPU.Build.0 = Debug|Any CPU
		{DF1F6581-37C0-4C6A-AC7B-98B97AA11222}.Release|Any CPU.ActiveCfg = Release|Any CPU
		{DF1F6581-37C0-4C6A-AC7B-98B97AA11222}.Release|Any CPU.Build.0 = Release|Any CPU
		{6C58B340-765B-4DD2-B82A-337817917BF3}.Debug|Any CPU.ActiveCfg = Debug|Any CPU
		{6C58B340-765B-4DD2-B82A-337817917BF3}.Debug|Any CPU.Build.0 = Debug|Any CPU
		{6C58B340-765B-4DD2-B82A-337817917BF3}.Release|Any CPU.ActiveCfg = Release|Any CPU
		{6C58B340-765B-4DD2-B82A-337817917BF3}.Release|Any CPU.Build.0 = Release|Any CPU
		{748B79F3-8134-4399-A4FE-45316EFC01DA}.Debug|Any CPU.ActiveCfg = Debug|Any CPU
		{748B79F3-8134-4399-A4FE-45316EFC01DA}.Debug|Any CPU.Build.0 = Debug|Any CPU
		{748B79F3-8134-4399-A4FE-45316EFC01DA}.Release|Any CPU.ActiveCfg = Release|Any CPU
		{748B79F3-8134-4399-A4FE-45316EFC01DA}.Release|Any CPU.Build.0 = Release|Any CPU
	EndGlobalSection
	GlobalSection(SolutionProperties) = preSolution
		HideSolutionNode = FALSE
	EndGlobalSection
	GlobalSection(NestedProjects) = preSolution
		{DF1F6581-37C0-4C6A-AC7B-98B97AA11222} = {15CC43C6-D255-4FBB-9014-C34071B51D0B}
		{6C58B340-765B-4DD2-B82A-337817917BF3} = {12FEE8C6-9F88-4E9B-B13E-E2821E94C1A2}
		{748B79F3-8134-4399-A4FE-45316EFC01DA} = {5E23507B-37A1-49DF-880D-59DA5782F6C4}
	EndGlobalSection
	GlobalSection(ExtensibilityGlobals) = postSolution
		SolutionGuid = {BEF283FC-174E-4831-955B-22C98B33E25B}
	EndGlobalSection
EndGlobal
